hash: db508949ca9b650b63b6de9bc8de72126d6dc2edb049c4d44da5a3f5da942ce2
updated: 2019-04-29T14:57:34.899453-03:00
imports:
- name: github.com/goware/urlx
  version: 86bdc24560383254e8b977da31a823eddf904409
- name: github.com/PuerkitoBio/purell
  version: 1d5d1cfad45d42ec5f81fa8ef23de09cebc6dcc3
- name: github.com/PuerkitoBio/urlesc
  version: 5fa9ff0392746aeae1c4b37fcc42c65afa7a9587
- name: golang.org/x/net
  version: c2528b2dd8352441850638a8bb678c2ad056fd3e
  subpackages:
  - idna
- name: k8s.io/api
  version: 181e1f9c52c1a4e72e64db906923efc79a76a8e3
  subpackages:
  - core/v1
testImports: []
